// !$*UTF8*$!
{
	archiveVersion = 1;
	classes = {
	};
	objectVersion = 56;
	objects = {

/* Begin PBXBuildFile section */
		A1000001 /* main.mm in Sources */ = {isa = PBXBuildFile; fileRef = A2000001; };
		A1000002 /* AppDelegate.mm in Sources */ = {isa = PBXBuildFile; fileRef = A2000002; };
		A1000003 /* MetalTimelineView.mm in Sources */ = {isa = PBXBuildFile; fileRef = A2000003; };
		A1000004 /* TimelineShaders.metal in Sources */ = {isa = PBXBuildFile; fileRef = A2000004; };
		A1000010 /* Metal.framework in Frameworks */ = {isa = PBXBuildFile; fileRef = A3000010; };
		A1000011 /* MetalKit.framework in Frameworks */ = {isa = PBXBuildFile; fileRef = A3000011; };
		A1000012 /* QuartzCore.framework in Frameworks */ = {isa = PBXBuildFile; fileRef = A3000012; };
		A1000013 /* Cocoa.framework in Frameworks */ = {isa = PBXBuildFile; fileRef = A3000013; };
		A1000014 /* CoreVideo.framework in Frameworks */ = {isa = PBXBuildFile; fileRef = A3000014; };
/* End PBXBuildFile section */

/* Begin PBXFileReference section */
		A2000001 /* main.mm */ = {isa = PBXFileReference; lastKnownFileType = sourcecode.cpp.objcpp; path = main.mm; sourceTree = "<group>"; };
		A2000002 /* AppDelegate.mm */ = {isa = PBXFileReference; lastKnownFileType = sourcecode.cpp.objcpp; path = AppDelegate.mm; sourceTree = "<group>"; };
		A2000003 /* MetalTimelineView.mm */ = {isa = PBXFileReference; lastKnownFileType = sourcecode.cpp.objcpp; path = MetalTimelineView.mm; sourceTree = "<group>"; };
		A2000004 /* TimelineShaders.metal */ = {isa = PBXFileReference; lastKnownFileType = sourcecode.metal; path = TimelineShaders.metal; sourceTree = "<group>"; };
		A2000005 /* AppDelegate.h */ = {isa = PBXFileReference; lastKnownFileType = sourcecode.c.h; path = AppDelegate.h; sourceTree = "<group>"; };
		A2000006 /* MetalTimelineView.h */ = {isa = PBXFileReference; lastKnownFileType = sourcecode.c.h; path = MetalTimelineView.h; sourceTree = "<group>"; };
		A2000007 /* TimelineTypes.h */ = {isa = PBXFileReference; lastKnownFileType = sourcecode.c.h; path = TimelineTypes.h; sourceTree = "<group>"; };
		A2000010 /* MetalTimeline.app */ = {isa = PBXFileReference; explicitFileType = wrapper.application; includeInIndex = 0; path = MetalTimeline.app; sourceTree = BUILT_PRODUCTS_DIR; };
		A3000010 /* Metal.framework */ = {isa = PBXFileReference; lastKnownFileType = wrapper.framework; name = Metal.framework; path = System/Library/Frameworks/Metal.framework; sourceTree = SDKROOT; };
		A3000011 /* MetalKit.framework */ = {isa = PBXFileReference; lastKnownFileType = wrapper.framework; name = MetalKit.framework; path = System/Library/Frameworks/MetalKit.framework; sourceTree = SDKROOT; };
		A3000012 /* QuartzCore.framework */ = {isa = PBXFileReference; lastKnownFileType = wrapper.framework; name = QuartzCore.framework; path = System/Library/Frameworks/QuartzCore.framework; sourceTree = SDKROOT; };
		A3000013 /* Cocoa.framework */ = {isa = PBXFileReference; lastKnownFileType = wrapper.framework; name = Cocoa.framework; path = System/Library/Frameworks/Cocoa.framework; sourceTree = SDKROOT; };
		A3000014 /* CoreVideo.framework */ = {isa = PBXFileReference; lastKnownFileType = wrapper.framework; name = CoreVideo.framework; path = System/Library/Frameworks/CoreVideo.framework; sourceTree = SDKROOT; };
/* End PBXFileReference section */

/* Begin PBXFrameworksBuildPhase section */
		A4000001 /* Frameworks */ = {
			isa = PBXFrameworksBuildPhase;
			buildActionMask = 2147483647;
			files = (
				A1000010 /* Metal.framework in Frameworks */,
				A1000011 /* MetalKit.framework in Frameworks */,
				A1000012 /* QuartzCore.framework in Frameworks */,
				A1000013 /* Cocoa.framework in Frameworks */,
				A1000014 /* CoreVideo.framework in Frameworks */,
			);
			runOnlyForDeploymentPostprocessing = 0;
		};
/* End PBXFrameworksBuildPhase section */

/* Begin PBXGroup section */
		A5000001 = {
			isa = PBXGroup;
			children = (
				A5000002 /* Source */,
				A5000003 /* Frameworks */,
				A5000004 /* Products */,
			);
			sourceTree = "<group>";
		};
		A5000002 /* Source */ = {
			isa = PBXGroup;
			children = (
				A2000001 /* main.mm */,
				A2000005 /* AppDelegate.h */,
				A2000002 /* AppDelegate.mm */,
				A2000006 /* MetalTimelineView.h */,
				A2000003 /* MetalTimelineView.mm */,
				A2000007 /* TimelineTypes.h */,
				A2000004 /* TimelineShaders.metal */,
			);
			name = Source;
			sourceTree = "<group>";
		};
		A5000003 /* Frameworks */ = {
			isa = PBXGroup;
			children = (
				A3000010 /* Metal.framework */,
				A3000011 /* MetalKit.framework */,
				A3000012 /* QuartzCore.framework */,
				A3000013 /* Cocoa.framework */,
				A3000014 /* CoreVideo.framework */,
			);
			name = Frameworks;
			sourceTree = "<group>";
		};
		A5000004 /* Products */ = {
			isa = PBXGroup;
			children = (
				A2000010 /* MetalTimeline.app */,
			);
			name = Products;
			sourceTree = "<group>";
		};
/* End PBXGroup section */

/* Begin PBXNativeTarget section */
		A6000001 /* MetalTimeline */ = {
			isa = PBXNativeTarget;
			buildConfigurationList = A8000003 /* Build configuration list for PBXNativeTarget "MetalTimeline" */;
			buildPhases = (
				A7000001 /* Sources */,
				A4000001 /* Frameworks */,
			);
			buildRules = (
			);
			dependencies = (
			);
			name = MetalTimeline;
			productName = MetalTimeline;
			productReference = A2000010 /* MetalTimeline.app */;
			productType = "com.apple.product-type.application";
		};
/* End PBXNativeTarget section */

/* Begin PBXProject section */
		A9000001 /* Project object */ = {
			isa = PBXProject;
			attributes = {
				BuildIndependentTargetsInParallel = 1;
				LastUpgradeCheck = 1500;
			};
			buildConfigurationList = A8000001 /* Build configuration list for PBXProject "MetalTimeline" */;
			compatibilityVersion = "Xcode 14.0";
			developmentRegion = en;
			hasScannedForEncodings = 0;
			knownRegions = (
				en,
				Base,
			);
			mainGroup = A5000001;
			productRefGroup = A5000004 /* Products */;
			projectDirPath = "";
			projectRoot = "";
			targets = (
				A6000001 /* MetalTimeline */,
			);
		};
/* End PBXProject section */

/* Begin PBXSourcesBuildPhase section */
		A7000001 /* Sources */ = {
			isa = PBXSourcesBuildPhase;
			buildActionMask = 2147483647;
			files = (
				A1000001 /* main.mm in Sources */,
				A1000002 /* AppDelegate.mm in Sources */,
				A1000003 /* MetalTimelineView.mm in Sources */,
				A1000004 /* TimelineShaders.metal in Sources */,
			);
			runOnlyForDeploymentPostprocessing = 0;
		};
/* End PBXSourcesBuildPhase section */

/* Begin XCBuildConfiguration section */
		A8000010 /* Debug */ = {
			isa = XCBuildConfiguration;
			buildSettings = {
				ALWAYS_SEARCH_USER_PATHS = NO;
				CLANG_CXX_LANGUAGE_STANDARD = "c++20";
				CLANG_ENABLE_MODULES = YES;
				CLANG_ENABLE_OBJC_ARC = YES;
				COPY_PHASE_STRIP = NO;
				DEBUG_INFORMATION_FORMAT = dwarf;
				GCC_OPTIMIZATION_LEVEL = 0;
				GCC_PREPROCESSOR_DEFINITIONS = (
					"DEBUG=1",
					"$(inherited)",
				);
				MACOSX_DEPLOYMENT_TARGET = 13.0;
				MTL_ENABLE_DEBUG_INFO = INCLUDE_SOURCE;
				ONLY_ACTIVE_ARCH = YES;
				SDKROOT = macosx;
			};
			name = Debug;
		};
		A8000011 /* Release */ = {
			isa = XCBuildConfiguration;
			buildSettings = {
				ALWAYS_SEARCH_USER_PATHS = NO;
				CLANG_CXX_LANGUAGE_STANDARD = "c++20";
				CLANG_ENABLE_MODULES = YES;
				CLANG_ENABLE_OBJC_ARC = YES;
				COPY_PHASE_STRIP = YES;
				DEBUG_INFORMATION_FORMAT = "dwarf-with-dsym";
				GCC_OPTIMIZATION_LEVEL = 2;
				MACOSX_DEPLOYMENT_TARGET = 13.0;
				MTL_ENABLE_DEBUG_INFO = NO;
				SDKROOT = macosx;
			};
			name = Release;
		};
		A8000020 /* Debug */ = {
			isa = XCBuildConfiguration;
			buildSettings = {
				COMBINE_HIDPI_IMAGES = YES;
				INFOPLIST_KEY_NSHighResolutionCapable = YES;
				INFOPLIST_KEY_NSPrincipalClass = NSApplication;
				LD_RUNPATH_SEARCH_PATHS = (
					"$(inherited)",
					"@executable_path/../Frameworks",
				);
				PRODUCT_BUNDLE_IDENTIFIER = org.xlights.spikes.MetalTimeline;
				PRODUCT_NAME = "$(TARGET_NAME)";
				GENERATE_INFOPLIST_FILE = YES;
			};
			name = Debug;
		};
		A8000021 /* Release */ = {
			isa = XCBuildConfiguration;
			buildSettings = {
				COMBINE_HIDPI_IMAGES = YES;
				INFOPLIST_KEY_NSHighResolutionCapable = YES;
				INFOPLIST_KEY_NSPrincipalClass = NSApplication;
				LD_RUNPATH_SEARCH_PATHS = (
					"$(inherited)",
					"@executable_path/../Frameworks",
				);
				PRODUCT_BUNDLE_IDENTIFIER = org.xlights.spikes.MetalTimeline;
				PRODUCT_NAME = "$(TARGET_NAME)";
				GENERATE_INFOPLIST_FILE = YES;
			};
			name = Release;
		};
/* End XCBuildConfiguration section */

/* Begin XCConfigurationList section */
		A8000001 /* Build configuration list for PBXProject "MetalTimeline" */ = {
			isa = XCConfigurationList;
			buildConfigurations = (
				A8000010 /* Debug */,
				A8000011 /* Release */,
			);
			defaultConfigurationIsVisible = 0;
			defaultConfigurationName = Release;
		};
		A8000003 /* Build configuration list for PBXNativeTarget "MetalTimeline" */ = {
			isa = XCConfigurationList;
			buildConfigurations = (
				A8000020 /* Debug */,
				A8000021 /* Release */,
			);
			defaultConfigurationIsVisible = 0;
			defaultConfigurationName = Release;
		};
/* End XCConfigurationList section */

	};
	rootObject = A9000001 /* Project object */;
}
